
Microsoft Visual Studio Solution File, Format Version 12.00
# Visual Studio Version 16
VisualStudioVersion = 16.0.30523.141
MinimumVisualStudioVersion = 10.0.40219.1
Project("{8BC9CEB8-8B4A-11D0-8D11-00A0C91BC942}") = "ch01", "src\my_code_implementation\ch01\ch01.vcxproj", "{859C09D0-45D1-442F-8864-704E32B5957E}"
EndProject
Project("{8BC9CEB8-8B4A-11D0-8D11-00A0C91BC942}") = "ch02", "src\my_code_implementation\ch02\ch02.vcxproj", "{257B8F53-887A-4B44-9844-7EAAE3705434}"
EndProject
Global
	GlobalSection(SolutionConfigurationPlatforms) = preSolution
		Debug|x64 = Debug|x64
		Debug|x86 = Debug|x86
		Release|x64 = Release|x64
		Release|x86 = Release|x86
	EndGlobalSection
	GlobalSection(ProjectConfigurationPlatforms) = postSolution
		{859C09D0-45D1-442F-8864-704E32B5957E}.Debug|x64.ActiveCfg = Debug|x64
		{859C09D0-45D1-442F-8864-704E32B5957E}.Debug|x64.Build.0 = Debug|x64
		{859C09D0-45D1-442F-8864-704E32B5957E}.Debug|x86.ActiveCfg = Debug|Win32
		{859C09D0-45D1-442F-8864-704E32B5957E}.Debug|x86.Build.0 = Debug|Win32
		{859C09D0-45D1-442F-8864-704E32B5957E}.Release|x64.ActiveCfg = Release|x64
		{859C09D0-45D1-442F-8864-704E32B5957E}.Release|x64.Build.0 = Release|x64
		{859C09D0-45D1-442F-8864-704E32B5957E}.Release|x86.ActiveCfg = Release|Win32
		{859C09D0-45D1-442F-8864-704E32B5957E}.Release|x86.Build.0 = Release|Win32
		{257B8F53-887A-4B44-9844-7EAAE3705434}.Debug|x64.ActiveCfg = Debug|x64
		{257B8F53-887A-4B44-9844-7EAAE3705434}.Debug|x64.Build.0 = Debug|x64
		{257B8F53-887A-4B44-9844-7EAAE3705434}.Debug|x86.ActiveCfg = Debug|Win32
		{257B8F53-887A-4B44-9844-7EAAE3705434}.Debug|x86.Build.0 = Debug|Win32
		{257B8F53-887A-4B44-9844-7EAAE3705434}.Release|x64.ActiveCfg = Release|x64
		{257B8F53-887A-4B44-9844-7EAAE3705434}.Release|x64.Build.0 = Release|x64
		{257B8F53-887A-4B44-9844-7EAAE3705434}.Release|x86.ActiveCfg = Release|Win32
		{257B8F53-887A-4B44-9844-7EAAE3705434}.Release|x86.Build.0 = Release|Win32
	EndGlobalSection
	GlobalSection(SolutionProperties) = preSolution
		HideSolutionNode = FALSE
	EndGlobalSection
	GlobalSection(ExtensibilityGlobals) = postSolution
		SolutionGuid = {02FA4C03-BDFE-4908-9F70-04C3A8E035CC}
	EndGlobalSection
EndGlobal
