<?xml version="1.0" encoding="utf-8"?>
<Project ToolsVersion="4.0" xmlns="http://schemas.microsoft.com/developer/msbuild/2003">
  <ItemGroup>
    <Filter Include="Source Files">
      <UniqueIdentifier>{4FC737F1-C7A5-4376-A066-2A32D752A2FF}</UniqueIdentifier>
      <Extensions>cpp;c;cc;cxx;def;odl;idl;hpj;bat;asm;asmx</Extensions>
    </Filter>
    <Filter Include="Header Files">
      <UniqueIdentifier>{93995380-89BD-4b04-88EB-625FBE52EBFB}</UniqueIdentifier>
      <Extensions>h;hh;hpp;hxx;hm;inl;inc;xsd</Extensions>
    </Filter>
    <Filter Include="Resource Files">
      <UniqueIdentifier>{67DA6AB6-F800-4c08-8B7A-83BB121AAD01}</UniqueIdentifier>
      <Extensions>rc;ico;cur;bmp;dlg;rc2;rct;bin;rgs;gif;jpg;jpeg;jpe;resx;tiff;tif;png;wav</Extensions>
    </Filter>
  </ItemGroup>
  <ItemGroup>
    <ClCompile Include="point类例子.cpp">
      <Filter>Source Files</Filter>
    </ClCompile>
    <ClCompile Include="信息管理系统.cpp">
      <Filter>Source Files</Filter>
    </ClCompile>
    <ClCompile Include="冒泡排序法.cpp">
      <Filter>Source Files</Filter>
    </ClCompile>
    <ClCompile Include="小学生加减法.cpp">
      <Filter>Source Files</Filter>
    </ClCompile>
    <ClCompile Include="继承示例.cpp">
      <Filter>Source Files</Filter>
    </ClCompile>
    <ClCompile Include="100\002.cpp">
      <Filter>Source Files</Filter>
    </ClCompile>
    <ClCompile Include="100\003.cpp">
      <Filter>Source Files</Filter>
    </ClCompile>
    <ClCompile Include="100\004.cpp">
      <Filter>Source Files</Filter>
    </ClCompile>
    <ClCompile Include="100\005.cpp">
      <Filter>Source Files</Filter>
    </ClCompile>
    <ClCompile Include="100\006.cpp">
      <Filter>Source Files</Filter>
    </ClCompile>
    <ClCompile Include="100\007.cpp">
      <Filter>Source Files</Filter>
    </ClCompile>
    <ClCompile Include="100\008.cpp">
      <Filter>Source Files</Filter>
    </ClCompile>
    <ClCompile Include="100\009.cpp">
      <Filter>Source Files</Filter>
    </ClCompile>
    <ClCompile Include="100\010.cpp">
      <Filter>Source Files</Filter>
    </ClCompile>
    <ClCompile Include="100\011.cpp">
      <Filter>Source Files</Filter>
    </ClCompile>
    <ClCompile Include="100\012.cpp">
      <Filter>Source Files</Filter>
    </ClCompile>
    <ClCompile Include="100\013.cpp">
      <Filter>Source Files</Filter>
    </ClCompile>
    <ClCompile Include="100\014.cpp">
      <Filter>Source Files</Filter>
    </ClCompile>
    <ClCompile Include="100\015.cpp">
      <Filter>Source Files</Filter>
    </ClCompile>
    <ClCompile Include="100\016.cpp">
      <Filter>Source Files</Filter>
    </ClCompile>
    <ClCompile Include="100\017.cpp">
      <Filter>Source Files</Filter>
    </ClCompile>
    <ClCompile Include="100\018.cpp">
      <Filter>Source Files</Filter>
    </ClCompile>
    <ClCompile Include="100\019.cpp">
      <Filter>Source Files</Filter>
    </ClCompile>
    <ClCompile Include="100\020.cpp">
      <Filter>Source Files</Filter>
    </ClCompile>
    <ClCompile Include="100\021.cpp">
      <Filter>Source Files</Filter>
    </ClCompile>
    <ClCompile Include="100\022.cpp">
      <Filter>Source Files</Filter>
    </ClCompile>
    <ClCompile Include="100\023.cpp">
      <Filter>Source Files</Filter>
    </ClCompile>
    <ClCompile Include="100\024.cpp">
      <Filter>Source Files</Filter>
    </ClCompile>
    <ClCompile Include="100\025.cpp">
      <Filter>Source Files</Filter>
    </ClCompile>
    <ClCompile Include="100\026.cpp">
      <Filter>Source Files</Filter>
    </ClCompile>
    <ClCompile Include="100\027.cpp">
      <Filter>Source Files</Filter>
    </ClCompile>
    <ClCompile Include="100\028.cpp">
      <Filter>Source Files</Filter>
    </ClCompile>
    <ClCompile Include="100\029.cpp">
      <Filter>Source Files</Filter>
    </ClCompile>
    <ClCompile Include="100\030.cpp">
      <Filter>Source Files</Filter>
    </ClCompile>
    <ClCompile Include="100\031.cpp">
      <Filter>Source Files</Filter>
    </ClCompile>
    <ClCompile Include="100\032.cpp">
      <Filter>Source Files</Filter>
    </ClCompile>
    <ClCompile Include="100\033.cpp">
      <Filter>Source Files</Filter>
    </ClCompile>
    <ClCompile Include="100\034.cpp">
      <Filter>Source Files</Filter>
    </ClCompile>
    <ClCompile Include="100\035.cpp">
      <Filter>Source Files</Filter>
    </ClCompile>
    <ClCompile Include="100\036.cpp">
      <Filter>Source Files</Filter>
    </ClCompile>
    <ClCompile Include="100\037.cpp">
      <Filter>Source Files</Filter>
    </ClCompile>
    <ClCompile Include="100\038.cpp">
      <Filter>Source Files</Filter>
    </ClCompile>
    <ClCompile Include="100\039.cpp">
      <Filter>Source Files</Filter>
    </ClCompile>
    <ClCompile Include="100\040.cpp">
      <Filter>Source Files</Filter>
    </ClCompile>
    <ClCompile Include="100\041.cpp">
      <Filter>Source Files</Filter>
    </ClCompile>
    <ClCompile Include="100\042.cpp">
      <Filter>Source Files</Filter>
    </ClCompile>
    <ClCompile Include="100\043.cpp">
      <Filter>Source Files</Filter>
    </ClCompile>
    <ClCompile Include="100\044.cpp">
      <Filter>Source Files</Filter>
    </ClCompile>
    <ClCompile Include="100\045.cpp">
      <Filter>Source Files</Filter>
    </ClCompile>
    <ClCompile Include="100\046.cpp">
      <Filter>Source Files</Filter>
    </ClCompile>
    <ClCompile Include="100\047.cpp">
      <Filter>Source Files</Filter>
    </ClCompile>
    <ClCompile Include="100\048.cpp">
      <Filter>Source Files</Filter>
    </ClCompile>
    <ClCompile Include="100\049.cpp">
      <Filter>Source Files</Filter>
    </ClCompile>
    <ClCompile Include="100\050.cpp">
      <Filter>Source Files</Filter>
    </ClCompile>
    <ClCompile Include="100\051.cpp">
      <Filter>Source Files</Filter>
    </ClCompile>
    <ClCompile Include="100\052.cpp">
      <Filter>Source Files</Filter>
    </ClCompile>
    <ClCompile Include="100\053.cpp">
      <Filter>Source Files</Filter>
    </ClCompile>
    <ClCompile Include="100\054.cpp">
      <Filter>Source Files</Filter>
    </ClCompile>
    <ClCompile Include="100\055.cpp">
      <Filter>Source Files</Filter>
    </ClCompile>
    <ClCompile Include="100\056.cpp">
      <Filter>Source Files</Filter>
    </ClCompile>
    <ClCompile Include="100\057.cpp">
      <Filter>Source Files</Filter>
    </ClCompile>
    <ClCompile Include="100\058.cpp">
      <Filter>Source Files</Filter>
    </ClCompile>
    <ClCompile Include="100\059.cpp">
      <Filter>Source Files</Filter>
    </ClCompile>
    <ClCompile Include="100\060.cpp">
      <Filter>Source Files</Filter>
    </ClCompile>
    <ClCompile Include="100\061.cpp">
      <Filter>Source Files</Filter>
    </ClCompile>
    <ClCompile Include="100\062.cpp">
      <Filter>Source Files</Filter>
    </ClCompile>
    <ClCompile Include="100\063.cpp">
      <Filter>Source Files</Filter>
    </ClCompile>
    <ClCompile Include="100\064.cpp">
      <Filter>Source Files</Filter>
    </ClCompile>
    <ClCompile Include="100\065.cpp">
      <Filter>Source Files</Filter>
    </ClCompile>
    <ClCompile Include="100\066.cpp">
      <Filter>Source Files</Filter>
    </ClCompile>
    <ClCompile Include="100\067.cpp">
      <Filter>Source Files</Filter>
    </ClCompile>
    <ClCompile Include="100\068.cpp">
      <Filter>Source Files</Filter>
    </ClCompile>
    <ClCompile Include="100\069.cpp">
      <Filter>Source Files</Filter>
    </ClCompile>
    <ClCompile Include="100\070.cpp">
      <Filter>Source Files</Filter>
    </ClCompile>
    <ClCompile Include="100\1.cpp">
      <Filter>Source Files</Filter>
    </ClCompile>
    <ClCompile Include="100\100.cpp">
      <Filter>Source Files</Filter>
    </ClCompile>
    <ClCompile Include="100\71.cpp">
      <Filter>Source Files</Filter>
    </ClCompile>
    <ClCompile Include="100\72.cpp">
      <Filter>Source Files</Filter>
    </ClCompile>
    <ClCompile Include="100\73.cpp">
      <Filter>Source Files</Filter>
    </ClCompile>
    <ClCompile Include="100\74.cpp">
      <Filter>Source Files</Filter>
    </ClCompile>
    <ClCompile Include="100\75.cpp">
      <Filter>Source Files</Filter>
    </ClCompile>
    <ClCompile Include="100\76.cpp">
      <Filter>Source Files</Filter>
    </ClCompile>
    <ClCompile Include="100\77.cpp">
      <Filter>Source Files</Filter>
    </ClCompile>
    <ClCompile Include="100\78.cpp">
      <Filter>Source Files</Filter>
    </ClCompile>
    <ClCompile Include="100\79.cpp">
      <Filter>Source Files</Filter>
    </ClCompile>
    <ClCompile Include="100\80.cpp">
      <Filter>Source Files</Filter>
    </ClCompile>
    <ClCompile Include="100\81.cpp">
      <Filter>Source Files</Filter>
    </ClCompile>
    <ClCompile Include="100\82.cpp">
      <Filter>Source Files</Filter>
    </ClCompile>
    <ClCompile Include="100\83.cpp">
      <Filter>Source Files</Filter>
    </ClCompile>
    <ClCompile Include="100\84.cpp">
      <Filter>Source Files</Filter>
    </ClCompile>
    <ClCompile Include="100\85.cpp">
      <Filter>Source Files</Filter>
    </ClCompile>
    <ClCompile Include="100\86.cpp">
      <Filter>Source Files</Filter>
    </ClCompile>
    <ClCompile Include="100\87.cpp">
      <Filter>Source Files</Filter>
    </ClCompile>
    <ClCompile Include="100\88.cpp">
      <Filter>Source Files</Filter>
    </ClCompile>
    <ClCompile Include="100\89.cpp">
      <Filter>Source Files</Filter>
    </ClCompile>
    <ClCompile Include="100\90.cpp">
      <Filter>Source Files</Filter>
    </ClCompile>
    <ClCompile Include="100\91.cpp">
      <Filter>Source Files</Filter>
    </ClCompile>
    <ClCompile Include="100\92.cpp">
      <Filter>Source Files</Filter>
    </ClCompile>
    <ClCompile Include="100\93.cpp">
      <Filter>Source Files</Filter>
    </ClCompile>
    <ClCompile Include="100\94.cpp">
      <Filter>Source Files</Filter>
    </ClCompile>
    <ClCompile Include="100\95.cpp">
      <Filter>Source Files</Filter>
    </ClCompile>
    <ClCompile Include="100\96.cpp">
      <Filter>Source Files</Filter>
    </ClCompile>
    <ClCompile Include="100\97.cpp">
      <Filter>Source Files</Filter>
    </ClCompile>
    <ClCompile Include="100\98.cpp">
      <Filter>Source Files</Filter>
    </ClCompile>
    <ClCompile Include="100\99.cpp">
      <Filter>Source Files</Filter>
    </ClCompile>
    <ClCompile Include="105\012.cpp">
      <Filter>Source Files</Filter>
    </ClCompile>
    <ClCompile Include="105\013.cpp">
      <Filter>Source Files</Filter>
    </ClCompile>
    <ClCompile Include="105\014.cpp">
      <Filter>Source Files</Filter>
    </ClCompile>
    <ClCompile Include="105\015.cpp">
      <Filter>Source Files</Filter>
    </ClCompile>
    <ClCompile Include="105\016.cpp">
      <Filter>Source Files</Filter>
    </ClCompile>
    <ClCompile Include="105\017.cpp">
      <Filter>Source Files</Filter>
    </ClCompile>
    <ClCompile Include="105\018.cpp">
      <Filter>Source Files</Filter>
    </ClCompile>
    <ClCompile Include="105\019.cpp">
      <Filter>Source Files</Filter>
    </ClCompile>
    <ClCompile Include="105\020.cpp">
      <Filter>Source Files</Filter>
    </ClCompile>
    <ClCompile Include="105\021.cpp">
      <Filter>Source Files</Filter>
    </ClCompile>
    <ClCompile Include="105\10.cpp">
      <Filter>Source Files</Filter>
    </ClCompile>
    <ClCompile Include="105\11.cpp">
      <Filter>Source Files</Filter>
    </ClCompile>
    <ClCompile Include="105\pj2.cpp">
      <Filter>Source Files</Filter>
    </ClCompile>
    <ClCompile Include="105\pj3.cpp">
      <Filter>Source Files</Filter>
    </ClCompile>
    <ClCompile Include="105\pj4.cpp">
      <Filter>Source Files</Filter>
    </ClCompile>
    <ClCompile Include="105\pj5.cpp">
      <Filter>Source Files</Filter>
    </ClCompile>
    <ClCompile Include="105\pj6.cpp">
      <Filter>Source Files</Filter>
    </ClCompile>
    <ClCompile Include="105\pj7.cpp">
      <Filter>Source Files</Filter>
    </ClCompile>
    <ClCompile Include="105\pj8.cpp">
      <Filter>Source Files</Filter>
    </ClCompile>
    <ClCompile Include="105\pj9.cpp">
      <Filter>Source Files</Filter>
    </ClCompile>
    <ClCompile Include="105\2.C">
      <Filter>Source Files</Filter>
    </ClCompile>
    <ClCompile Include="105\pj1.c">
      <Filter>Source Files</Filter>
    </ClCompile>
    <ClCompile Include="c++实验\circle.cpp">
      <Filter>Source Files</Filter>
    </ClCompile>
    <ClCompile Include="c++实验\hjk.cpp">
      <Filter>Source Files</Filter>
    </ClCompile>
    <ClCompile Include="c++实验\consoleapplication1\ConsoleApplication1.cpp">
      <Filter>Source Files</Filter>
    </ClCompile>
    <ClCompile Include="c++实验\实验1\p1.cpp">
      <Filter>Source Files</Filter>
    </ClCompile>
    <ClCompile Include="c++实验\实验2\p1.cpp">
      <Filter>Source Files</Filter>
    </ClCompile>
    <ClCompile Include="c++实验\实验3\p1.cpp">
      <Filter>Source Files</Filter>
    </ClCompile>
    <ClCompile Include="c++实验\实验3\p2 - 副本.cpp">
      <Filter>Source Files</Filter>
    </ClCompile>
    <ClCompile Include="c++实验\实验3\p2.cpp">
      <Filter>Source Files</Filter>
    </ClCompile>
    <ClCompile Include="c++实验\实验3\p3.cpp">
      <Filter>Source Files</Filter>
    </ClCompile>
    <ClCompile Include="c++实验\实验4\people.cpp">
      <Filter>Source Files</Filter>
    </ClCompile>
    <ClCompile Include="c++实验\实验4\t1.cpp">
      <Filter>Source Files</Filter>
    </ClCompile>
    <ClCompile Include="c++实验\实验4\车Vehicle类及其派生.cpp">
      <Filter>Source Files</Filter>
    </ClCompile>
    <ClCompile Include="c++实验\实验5-综合设计\Student.cpp">
      <Filter>Source Files</Filter>
    </ClCompile>
    <ClCompile Include="pj1\p1.cpp">
      <Filter>Source Files</Filter>
    </ClCompile>
    <ClCompile Include="pj2\p1.cpp">
      <Filter>Source Files</Filter>
    </ClCompile>
    <ClCompile Include="pj3\pj3.cpp">
      <Filter>Source Files</Filter>
    </ClCompile>
    <ClCompile Include="test\20191219.cpp">
      <Filter>Source Files</Filter>
    </ClCompile>
    <ClCompile Include="test\eg3.38.cpp">
      <Filter>Source Files</Filter>
    </ClCompile>
    <ClCompile Include="test\eg3.39.cpp">
      <Filter>Source Files</Filter>
    </ClCompile>
    <ClCompile Include="test\eg3.40.cpp">
      <Filter>Source Files</Filter>
    </ClCompile>
    <ClCompile Include="test\test1.cpp">
      <Filter>Source Files</Filter>
    </ClCompile>
    <ClCompile Include="test\未命名1 (2).cpp">
      <Filter>Source Files</Filter>
    </ClCompile>
    <ClCompile Include="test\未命名1.cpp">
      <Filter>Source Files</Filter>
    </ClCompile>
    <ClCompile Include="test\未命名2.cpp">
      <Filter>Source Files</Filter>
    </ClCompile>
    <ClCompile Include="一元多项式加法\一元多项式加法.cpp">
      <Filter>Source Files</Filter>
    </ClCompile>
    <ClCompile Include="卷1_1\卷1_1.cpp">
      <Filter>Source Files</Filter>
    </ClCompile>
    <ClCompile Include="卷1_2_point类计算距离\卷1_2_Point类计算距离.cpp">
      <Filter>Source Files</Filter>
    </ClCompile>
    <ClCompile Include="卷1_3_p196_4_20\卷1_3_P196_4_20.cpp">
      <Filter>Source Files</Filter>
    </ClCompile>
    <ClCompile Include="卷1_p204_eg5_2\卷1_P204_eg5_2.cpp">
      <Filter>Source Files</Filter>
    </ClCompile>
    <ClCompile Include="复习\第三章.cpp">
      <Filter>Source Files</Filter>
    </ClCompile>
    <ClCompile Include="复习\第三章2.cpp">
      <Filter>Source Files</Filter>
    </ClCompile>
    <ClCompile Include="复习\第三章3.cpp">
      <Filter>Source Files</Filter>
    </ClCompile>
    <ClCompile Include="复习\第四章1.cpp">
      <Filter>Source Files</Filter>
    </ClCompile>
    <ClCompile Include="复习\第四章3.cpp">
      <Filter>Source Files</Filter>
    </ClCompile>
    <ClCompile Include="复习代码实例\5.1写一个判别素数的函数，在主函数输入一个整数，输出是否素数的信息。.cpp">
      <Filter>Source Files</Filter>
    </ClCompile>
    <ClCompile Include="复习代码实例\5.2.求两个整数的最大公约数和最小公倍数。.cpp">
      <Filter>Source Files</Filter>
    </ClCompile>
    <ClCompile Include="复习代码实例\5.3、计算xn值。要求设计一个主函数，以输入x 和n 的值并打印结果；.cpp">
      <Filter>Source Files</Filter>
    </ClCompile>
    <ClCompile Include="复习代码实例\5.4用一个函数来实现将两个字符串连接。.cpp">
      <Filter>Source Files</Filter>
    </ClCompile>
    <ClCompile Include="复习代码实例\7.1.cpp">
      <Filter>Source Files</Filter>
    </ClCompile>
    <ClCompile Include="复习代码实例\7.2.cpp">
      <Filter>Source Files</Filter>
    </ClCompile>
    <ClCompile Include="复习代码实例\7.3.cpp">
      <Filter>Source Files</Filter>
    </ClCompile>
    <ClCompile Include="复习代码实例\8综合含带指针的选择排序法.cpp">
      <Filter>Source Files</Filter>
    </ClCompile>
    <ClCompile Include="复习代码实例\三角形面积计算公式.cpp">
      <Filter>Source Files</Filter>
    </ClCompile>
    <ClCompile Include="复习代码实例\两种选择排序法示例.cpp">
      <Filter>Source Files</Filter>
    </ClCompile>
    <ClCompile Include="复习代码实例\使用exchange函数交换两个整型数.cpp">
      <Filter>Source Files</Filter>
    </ClCompile>
    <ClCompile Include="复习代码实例\例9.10——编写一个输出链表的函数.cpp">
      <Filter>Source Files</Filter>
    </ClCompile>
    <ClCompile Include="复习代码实例\例9.8——建立简单的链表.cpp">
      <Filter>Source Files</Filter>
    </ClCompile>
    <ClCompile Include="复习代码实例\冒泡法 选择法.cpp">
      <Filter>Source Files</Filter>
    </ClCompile>
    <ClCompile Include="复习代码实例\写一个递归调用函数，返回一个整型数组的最大值.cpp">
      <Filter>Source Files</Filter>
    </ClCompile>
    <ClCompile Include="复习代码实例\后面的m个数和前面的n-m的数位置互换.cpp">
      <Filter>Source Files</Filter>
    </ClCompile>
    <ClCompile Include="复习代码实例\把这个链表首尾连接成一个链表.cpp">
      <Filter>Source Files</Filter>
    </ClCompile>
    <ClCompile Include="复习代码实例\求出10至1000之内能同时被2、3、7整除的数.cpp">
      <Filter>Source Files</Filter>
    </ClCompile>
    <ClCompile Include="复习代码实例\用冒泡排序法对 10 个整数排序.cpp">
      <Filter>Source Files</Filter>
    </ClCompile>
    <ClCompile Include="复习代码实例\用选择排序法对 10 个整数排序.cpp">
      <Filter>Source Files</Filter>
    </ClCompile>
    <ClCompile Include="复习代码实例\输入学生成绩并且输出到stu.txt.cpp">
      <Filter>Source Files</Filter>
    </ClCompile>
    <ClCompile Include="复习代码实例\输入并排序学生成绩表.cpp">
      <Filter>Source Files</Filter>
    </ClCompile>
    <ClCompile Include="复习代码实例\输出信息，同时保存到文件max.txt中（要求用结构体）.cpp">
      <Filter>Source Files</Filter>
    </ClCompile>
    <ClCompile Include="复习代码实例\输出小写字母对应的大写字母.cpp">
      <Filter>Source Files</Filter>
    </ClCompile>
    <ClCompile Include="复习代码实例\递归求偶数和.cpp">
      <Filter>Source Files</Filter>
    </ClCompile>
    <ClCompile Include="复数类的减法重载\复数类的减法重载.cpp">
      <Filter>Source Files</Filter>
    </ClCompile>
    <ClCompile Include="学生类\源.cpp">
      <Filter>Source Files</Filter>
    </ClCompile>
    <ClCompile Include="第2章\p2.cpp">
      <Filter>Source Files</Filter>
    </ClCompile>
    <ClCompile Include="第2章\PJ1.cpp">
      <Filter>Source Files</Filter>
    </ClCompile>
    <ClCompile Include="第2章\两个整数按照从小到大的顺序.cpp">
      <Filter>Source Files</Filter>
    </ClCompile>
    <ClCompile Include="第2章\交换两个整数引用法 .cpp">
      <Filter>Source Files</Filter>
    </ClCompile>
    <ClCompile Include="第3章\3.24.cpp">
      <Filter>Source Files</Filter>
    </ClCompile>
    <ClCompile Include="第3章\3.32圆柱体体积的计算.cpp">
      <Filter>Source Files</Filter>
    </ClCompile>
    <ClCompile Include="第3章\3.33对象数组应用.cpp">
      <Filter>Source Files</Filter>
    </ClCompile>
    <ClCompile Include="第3章\date - 1.cpp">
      <Filter>Source Files</Filter>
    </ClCompile>
    <ClCompile Include="第3章\date - 2.cpp">
      <Filter>Source Files</Filter>
    </ClCompile>
    <ClCompile Include="第3章\people.cpp">
      <Filter>Source Files</Filter>
    </ClCompile>
    <ClCompile Include="第3章\point-友元函数求distance.cpp">
      <Filter>Source Files</Filter>
    </ClCompile>
    <ClCompile Include="第3章\point.cpp">
      <Filter>Source Files</Filter>
    </ClCompile>
    <ClCompile Include="第3章\Point1.cpp">
      <Filter>Source Files</Filter>
    </ClCompile>
    <ClCompile Include="第3章\student-1.cpp">
      <Filter>Source Files</Filter>
    </ClCompile>
    <ClCompile Include="第3章\student-2.cpp">
      <Filter>Source Files</Filter>
    </ClCompile>
    <ClCompile Include="第3章\student-全局变量.cpp">
      <Filter>Source Files</Filter>
    </ClCompile>
    <ClCompile Include="第3章\student-对象做参数.cpp">
      <Filter>Source Files</Filter>
    </ClCompile>
    <ClCompile Include="第3章\student-对象引用做参数.cpp">
      <Filter>Source Files</Filter>
    </ClCompile>
    <ClCompile Include="第3章\student-对象指针做参数.cpp">
      <Filter>Source Files</Filter>
    </ClCompile>
    <ClCompile Include="第3章\student-静态成员函数.cpp">
      <Filter>Source Files</Filter>
    </ClCompile>
    <ClCompile Include="第3章\student-静态数据成员.cpp">
      <Filter>Source Files</Filter>
    </ClCompile>
    <ClCompile Include="第3章\student.cpp">
      <Filter>Source Files</Filter>
    </ClCompile>
    <ClCompile Include="第3章\日期类的编写，输入输出(date).cpp">
      <Filter>Source Files</Filter>
    </ClCompile>
    <ClCompile Include="第4章\d第四章练习5_5.19.cpp">
      <Filter>Source Files</Filter>
    </ClCompile>
    <ClCompile Include="第4章\d第四章练习5_5_18学生和教师的数据输入和显示程序.cpp">
      <Filter>Source Files</Filter>
    </ClCompile>
    <ClCompile Include="第4章\pj1.cpp">
      <Filter>Source Files</Filter>
    </ClCompile>
    <ClCompile Include="第4章\test1.cpp">
      <Filter>Source Files</Filter>
    </ClCompile>
    <ClCompile Include="第4章\virtual.cpp">
      <Filter>Source Files</Filter>
    </ClCompile>
    <ClCompile Include="第4章\习题4.cpp">
      <Filter>Source Files</Filter>
    </ClCompile>
    <ClCompile Include="第4章\习题4_18.cpp">
      <Filter>Source Files</Filter>
    </ClCompile>
    <ClCompile Include="第4章\习题5.cpp">
      <Filter>Source Files</Filter>
    </ClCompile>
    <ClCompile Include="第4章\习题5_18.cpp">
      <Filter>Source Files</Filter>
    </ClCompile>
    <ClCompile Include="第4章\习题6.cpp">
      <Filter>Source Files</Filter>
    </ClCompile>
    <ClCompile Include="第4章\例题4-virtual.cpp">
      <Filter>Source Files</Filter>
    </ClCompile>
    <ClCompile Include="第4章\例题4.cpp">
      <Filter>Source Files</Filter>
    </ClCompile>
    <ClCompile Include="第4章\例题4_19-赋值兼容原则.cpp">
      <Filter>Source Files</Filter>
    </ClCompile>
    <ClCompile Include="计算面积area\计算面积Area.cpp">
      <Filter>Source Files</Filter>
    </ClCompile>
    <ClCompile Include="重载square\测试对成员初始化.cpp">
      <Filter>Source Files</Filter>
    </ClCompile>
    <ClCompile Include="重载square\重载square.cpp">
      <Filter>Source Files</Filter>
    </ClCompile>
  </ItemGroup>
  <ItemGroup>
    <ClInclude Include="c++实验\circle.h">
      <Filter>Header Files</Filter>
    </ClInclude>
  </ItemGroup>
</Project>