
Microsoft Visual Studio Solution File, Format Version 12.00
# Visual Studio Version 16
VisualStudioVersion = 16.0.30523.141
MinimumVisualStudioVersion = 10.0.40219.1
Project("{8BC9CEB8-8B4A-11D0-8D11-00A0C91BC942}") = "Cpp_Study", "Cpp_Study.vcxproj", "{A5501E1E-2CE6-487E-80E8-CC9A12BB686D}"
EndProject
Global
	GlobalSection(SolutionConfigurationPlatforms) = preSolution
		Debug|x64 = Debug|x64
		Debug|x86 = Debug|x86
		Release|x64 = Release|x64
		Release|x86 = Release|x86
	EndGlobalSection
	GlobalSection(ProjectConfigurationPlatforms) = postSolution
		{A5501E1E-2CE6-487E-80E8-CC9A12BB686D}.Debug|x64.ActiveCfg = Debug|x64
		{A5501E1E-2CE6-487E-80E8-CC9A12BB686D}.Debug|x64.Build.0 = Debug|x64
		{A5501E1E-2CE6-487E-80E8-CC9A12BB686D}.Debug|x86.ActiveCfg = Debug|x64
		{A5501E1E-2CE6-487E-80E8-CC9A12BB686D}.Debug|x86.Build.0 = Debug|x64
		{A5501E1E-2CE6-487E-80E8-CC9A12BB686D}.Release|x64.ActiveCfg = Release|x64
		{A5501E1E-2CE6-487E-80E8-CC9A12BB686D}.Release|x64.Build.0 = Release|x64
		{A5501E1E-2CE6-487E-80E8-CC9A12BB686D}.Release|x86.ActiveCfg = Release|Win32
		{A5501E1E-2CE6-487E-80E8-CC9A12BB686D}.Release|x86.Build.0 = Release|Win32
	EndGlobalSection
	GlobalSection(SolutionProperties) = preSolution
		HideSolutionNode = FALSE
	EndGlobalSection
	GlobalSection(ExtensibilityGlobals) = postSolution
		SolutionGuid = {02FA4C03-BDFE-4908-9F70-04C3A8E035CC}
	EndGlobalSection
EndGlobal
